
Microsoft Visual Studio Solution File, Format Version 12.00
# Visual Studio 2013
VisualStudioVersion = 12.0.30501.0
MinimumVisualStudioVersion = 10.0.40219.1
Project("{FAE04EC0-301F-11D3-BF4B-00C04F79EFBC}") = "HowToBBQSample", "HowToBBQSample\HowToBBQSample\HowToBBQSample.csproj", "{67024C59-CC37-4DFA-B76A-D7D5C93FA6F4}"
EndProject
Project("{FAE04EC0-301F-11D3-BF4B-00C04F79EFBC}") = "HowToBBQSample.Android", "HowToBBQSample\HowToBBQSample.Android\HowToBBQSample.Android.csproj", "{049641DA-C527-4854-BCE3-1A162FF55F2E}"
EndProject
Project("{FAE04EC0-301F-11D3-BF4B-00C04F79EFBC}") = "HowToBBQSample.WinPhone", "HowToBBQSample\HowToBBQSample.WinPhone\HowToBBQSample.WinPhone.csproj", "{B0B780D7-64CD-41E5-9690-270B82A16E0A}"
EndProject
Project("{2150E333-8FDC-42A3-9474-1A3956D46DE8}") = ".nuget", ".nuget", "{42978B84-953F-47A7-ADCF-6AB7CFAE30FF}"
	ProjectSection(SolutionItems) = preProject
		.nuget\NuGet.Config = .nuget\NuGet.Config
		.nuget\NuGet.exe = .nuget\NuGet.exe
		.nuget\NuGet.targets = .nuget\NuGet.targets
	EndProjectSection
EndProject
Global
	GlobalSection(SolutionConfigurationPlatforms) = preSolution
		Ad-Hoc|Any CPU = Ad-Hoc|Any CPU
		Ad-Hoc|ARM = Ad-Hoc|ARM
		Ad-Hoc|iPhone = Ad-Hoc|iPhone
		Ad-Hoc|iPhoneSimulator = Ad-Hoc|iPhoneSimulator
		Ad-Hoc|Mixed Platforms = Ad-Hoc|Mixed Platforms
		Ad-Hoc|x86 = Ad-Hoc|x86
		AppStore|Any CPU = AppStore|Any CPU
		AppStore|ARM = AppStore|ARM
		AppStore|iPhone = AppStore|iPhone
		AppStore|iPhoneSimulator = AppStore|iPhoneSimulator
		AppStore|Mixed Platforms = AppStore|Mixed Platforms
		AppStore|x86 = AppStore|x86
		Debug|Any CPU = Debug|Any CPU
		Debug|ARM = Debug|ARM
		Debug|iPhone = Debug|iPhone
		Debug|iPhoneSimulator = Debug|iPhoneSimulator
		Debug|Mixed Platforms = Debug|Mixed Platforms
		Debug|x86 = Debug|x86
		Release|Any CPU = Release|Any CPU
		Release|ARM = Release|ARM
		Release|iPhone = Release|iPhone
		Release|iPhoneSimulator = Release|iPhoneSimulator
		Release|Mixed Platforms = Release|Mixed Platforms
		Release|x86 = Release|x86
	EndGlobalSection
	GlobalSection(ProjectConfigurationPlatforms) = postSolution
		{67024C59-CC37-4DFA-B76A-D7D5C93FA6F4}.Ad-Hoc|Any CPU.ActiveCfg = Release|Any CPU
		{67024C59-CC37-4DFA-B76A-D7D5C93FA6F4}.Ad-Hoc|Any CPU.Build.0 = Release|Any CPU
		{67024C59-CC37-4DFA-B76A-D7D5C93FA6F4}.Ad-Hoc|ARM.ActiveCfg = Release|Any CPU
		{67024C59-CC37-4DFA-B76A-D7D5C93FA6F4}.Ad-Hoc|iPhone.ActiveCfg = Release|Any CPU
		{67024C59-CC37-4DFA-B76A-D7D5C93FA6F4}.Ad-Hoc|iPhoneSimulator.ActiveCfg = Release|Any CPU
		{67024C59-CC37-4DFA-B76A-D7D5C93FA6F4}.Ad-Hoc|Mixed Platforms.ActiveCfg = Release|Any CPU
		{67024C59-CC37-4DFA-B76A-D7D5C93FA6F4}.Ad-Hoc|Mixed Platforms.Build.0 = Release|Any CPU
		{67024C59-CC37-4DFA-B76A-D7D5C93FA6F4}.Ad-Hoc|x86.ActiveCfg = Release|Any CPU
		{67024C59-CC37-4DFA-B76A-D7D5C93FA6F4}.AppStore|Any CPU.ActiveCfg = Release|Any CPU
		{67024C59-CC37-4DFA-B76A-D7D5C93FA6F4}.AppStore|Any CPU.Build.0 = Release|Any CPU
		{67024C59-CC37-4DFA-B76A-D7D5C93FA6F4}.AppStore|ARM.ActiveCfg = Release|Any CPU
		{67024C59-CC37-4DFA-B76A-D7D5C93FA6F4}.AppStore|iPhone.ActiveCfg = Release|Any CPU
		{67024C59-CC37-4DFA-B76A-D7D5C93FA6F4}.AppStore|iPhoneSimulator.ActiveCfg = Release|Any CPU
		{67024C59-CC37-4DFA-B76A-D7D5C93FA6F4}.AppStore|Mixed Platforms.ActiveCfg = Release|Any CPU
		{67024C59-CC37-4DFA-B76A-D7D5C93FA6F4}.AppStore|Mixed Platforms.Build.0 = Release|Any CPU
		{67024C59-CC37-4DFA-B76A-D7D5C93FA6F4}.AppStore|x86.ActiveCfg = Release|Any CPU
		{67024C59-CC37-4DFA-B76A-D7D5C93FA6F4}.Debug|Any CPU.ActiveCfg = Debug|Any CPU
		{67024C59-CC37-4DFA-B76A-D7D5C93FA6F4}.Debug|Any CPU.Build.0 = Debug|Any CPU
		{67024C59-CC37-4DFA-B76A-D7D5C93FA6F4}.Debug|ARM.ActiveCfg = Debug|Any CPU
		{67024C59-CC37-4DFA-B76A-D7D5C93FA6F4}.Debug|iPhone.ActiveCfg = Debug|Any CPU
		{67024C59-CC37-4DFA-B76A-D7D5C93FA6F4}.Debug|iPhoneSimulator.ActiveCfg = Debug|Any CPU
		{67024C59-CC37-4DFA-B76A-D7D5C93FA6F4}.Debug|Mixed Platforms.ActiveCfg = Debug|Any CPU
		{67024C59-CC37-4DFA-B76A-D7D5C93FA6F4}.Debug|Mixed Platforms.Build.0 = Debug|Any CPU
		{67024C59-CC37-4DFA-B76A-D7D5C93FA6F4}.Debug|x86.ActiveCfg = Debug|Any CPU
		{67024C59-CC37-4DFA-B76A-D7D5C93FA6F4}.Release|Any CPU.ActiveCfg = Release|Any CPU
		{67024C59-CC37-4DFA-B76A-D7D5C93FA6F4}.Release|Any CPU.Build.0 = Release|Any CPU
		{67024C59-CC37-4DFA-B76A-D7D5C93FA6F4}.Release|ARM.ActiveCfg = Release|Any CPU
		{67024C59-CC37-4DFA-B76A-D7D5C93FA6F4}.Release|iPhone.ActiveCfg = Release|Any CPU
		{67024C59-CC37-4DFA-B76A-D7D5C93FA6F4}.Release|iPhoneSimulator.ActiveCfg = Release|Any CPU
		{67024C59-CC37-4DFA-B76A-D7D5C93FA6F4}.Release|Mixed Platforms.ActiveCfg = Release|Any CPU
		{67024C59-CC37-4DFA-B76A-D7D5C93FA6F4}.Release|Mixed Platforms.Build.0 = Release|Any CPU
		{67024C59-CC37-4DFA-B76A-D7D5C93FA6F4}.Release|x86.ActiveCfg = Release|Any CPU
		{049641DA-C527-4854-BCE3-1A162FF55F2E}.Ad-Hoc|Any CPU.ActiveCfg = Release|Any CPU
		{049641DA-C527-4854-BCE3-1A162FF55F2E}.Ad-Hoc|Any CPU.Build.0 = Release|Any CPU
		{049641DA-C527-4854-BCE3-1A162FF55F2E}.Ad-Hoc|Any CPU.Deploy.0 = Release|Any CPU
		{049641DA-C527-4854-BCE3-1A162FF55F2E}.Ad-Hoc|ARM.ActiveCfg = Release|Any CPU
		{049641DA-C527-4854-BCE3-1A162FF55F2E}.Ad-Hoc|iPhone.ActiveCfg = Release|Any CPU
		{049641DA-C527-4854-BCE3-1A162FF55F2E}.Ad-Hoc|iPhoneSimulator.ActiveCfg = Release|Any CPU
		{049641DA-C527-4854-BCE3-1A162FF55F2E}.Ad-Hoc|Mixed Platforms.ActiveCfg = Release|Any CPU
		{049641DA-C527-4854-BCE3-1A162FF55F2E}.Ad-Hoc|Mixed Platforms.Build.0 = Release|Any CPU
		{049641DA-C527-4854-BCE3-1A162FF55F2E}.Ad-Hoc|Mixed Platforms.Deploy.0 = Release|Any CPU
		{049641DA-C527-4854-BCE3-1A162FF55F2E}.Ad-Hoc|x86.ActiveCfg = Release|Any CPU
		{049641DA-C527-4854-BCE3-1A162FF55F2E}.AppStore|Any CPU.ActiveCfg = Release|Any CPU
		{049641DA-C527-4854-BCE3-1A162FF55F2E}.AppStore|Any CPU.Build.0 = Release|Any CPU
		{049641DA-C527-4854-BCE3-1A162FF55F2E}.AppStore|Any CPU.Deploy.0 = Release|Any CPU
		{049641DA-C527-4854-BCE3-1A162FF55F2E}.AppStore|ARM.ActiveCfg = Release|Any CPU
		{049641DA-C527-4854-BCE3-1A162FF55F2E}.AppStore|iPhone.ActiveCfg = Release|Any CPU
		{049641DA-C527-4854-BCE3-1A162FF55F2E}.AppStore|iPhoneSimulator.ActiveCfg = Release|Any CPU
		{049641DA-C527-4854-BCE3-1A162FF55F2E}.AppStore|Mixed Platforms.ActiveCfg = Release|Any CPU
		{049641DA-C527-4854-BCE3-1A162FF55F2E}.AppStore|Mixed Platforms.Build.0 = Release|Any CPU
		{049641DA-C527-4854-BCE3-1A162FF55F2E}.AppStore|Mixed Platforms.Deploy.0 = Release|Any CPU
		{049641DA-C527-4854-BCE3-1A162FF55F2E}.AppStore|x86.ActiveCfg = Release|Any CPU
		{049641DA-C527-4854-BCE3-1A162FF55F2E}.Debug|Any CPU.ActiveCfg = Debug|Any CPU
		{049641DA-C527-4854-BCE3-1A162FF55F2E}.Debug|Any CPU.Build.0 = Debug|Any CPU
		{049641DA-C527-4854-BCE3-1A162FF55F2E}.Debug|Any CPU.Deploy.0 = Debug|Any CPU
		{049641DA-C527-4854-BCE3-1A162FF55F2E}.Debug|ARM.ActiveCfg = Debug|Any CPU
		{049641DA-C527-4854-BCE3-1A162FF55F2E}.Debug|iPhone.ActiveCfg = Debug|Any CPU
		{049641DA-C527-4854-BCE3-1A162FF55F2E}.Debug|iPhoneSimulator.ActiveCfg = Debug|Any CPU
		{049641DA-C527-4854-BCE3-1A162FF55F2E}.Debug|Mixed Platforms.ActiveCfg = Debug|Any CPU
		{049641DA-C527-4854-BCE3-1A162FF55F2E}.Debug|Mixed Platforms.Build.0 = Debug|Any CPU
		{049641DA-C527-4854-BCE3-1A162FF55F2E}.Debug|Mixed Platforms.Deploy.0 = Debug|Any CPU
		{049641DA-C527-4854-BCE3-1A162FF55F2E}.Debug|x86.ActiveCfg = Debug|Any CPU
		{049641DA-C527-4854-BCE3-1A162FF55F2E}.Release|Any CPU.ActiveCfg = Release|Any CPU
		{049641DA-C527-4854-BCE3-1A162FF55F2E}.Release|Any CPU.Build.0 = Release|Any CPU
		{049641DA-C527-4854-BCE3-1A162FF55F2E}.Release|Any CPU.Deploy.0 = Release|Any CPU
		{049641DA-C527-4854-BCE3-1A162FF55F2E}.Release|ARM.ActiveCfg = Release|Any CPU
		{049641DA-C527-4854-BCE3-1A162FF55F2E}.Release|iPhone.ActiveCfg = Release|Any CPU
		{049641DA-C527-4854-BCE3-1A162FF55F2E}.Release|iPhoneSimulator.ActiveCfg = Release|Any CPU
		{049641DA-C527-4854-BCE3-1A162FF55F2E}.Release|Mixed Platforms.ActiveCfg = Release|Any CPU
		{049641DA-C527-4854-BCE3-1A162FF55F2E}.Release|Mixed Platforms.Build.0 = Release|Any CPU
		{049641DA-C527-4854-BCE3-1A162FF55F2E}.Release|Mixed Platforms.Deploy.0 = Release|Any CPU
		{049641DA-C527-4854-BCE3-1A162FF55F2E}.Release|x86.ActiveCfg = Release|Any CPU
		{B0B780D7-64CD-41E5-9690-270B82A16E0A}.Ad-Hoc|Any CPU.ActiveCfg = Release|Any CPU
		{B0B780D7-64CD-41E5-9690-270B82A16E0A}.Ad-Hoc|Any CPU.Build.0 = Release|Any CPU
		{B0B780D7-64CD-41E5-9690-270B82A16E0A}.Ad-Hoc|Any CPU.Deploy.0 = Release|Any CPU
		{B0B780D7-64CD-41E5-9690-270B82A16E0A}.Ad-Hoc|ARM.ActiveCfg = Release|ARM
		{B0B780D7-64CD-41E5-9690-270B82A16E0A}.Ad-Hoc|ARM.Build.0 = Release|ARM
		{B0B780D7-64CD-41E5-9690-270B82A16E0A}.Ad-Hoc|ARM.Deploy.0 = Release|ARM
		{B0B780D7-64CD-41E5-9690-270B82A16E0A}.Ad-Hoc|iPhone.ActiveCfg = Release|Any CPU
		{B0B780D7-64CD-41E5-9690-270B82A16E0A}.Ad-Hoc|iPhoneSimulator.ActiveCfg = Release|Any CPU
		{B0B780D7-64CD-41E5-9690-270B82A16E0A}.Ad-Hoc|Mixed Platforms.ActiveCfg = Release|x86
		{B0B780D7-64CD-41E5-9690-270B82A16E0A}.Ad-Hoc|Mixed Platforms.Build.0 = Release|x86
		{B0B780D7-64CD-41E5-9690-270B82A16E0A}.Ad-Hoc|Mixed Platforms.Deploy.0 = Release|x86
		{B0B780D7-64CD-41E5-9690-270B82A16E0A}.Ad-Hoc|x86.ActiveCfg = Release|x86
		{B0B780D7-64CD-41E5-9690-270B82A16E0A}.Ad-Hoc|x86.Build.0 = Release|x86
		{B0B780D7-64CD-41E5-9690-270B82A16E0A}.Ad-Hoc|x86.Deploy.0 = Release|x86
		{B0B780D7-64CD-41E5-9690-270B82A16E0A}.AppStore|Any CPU.ActiveCfg = Release|Any CPU
		{B0B780D7-64CD-41E5-9690-270B82A16E0A}.AppStore|Any CPU.Build.0 = Release|Any CPU
		{B0B780D7-64CD-41E5-9690-270B82A16E0A}.AppStore|Any CPU.Deploy.0 = Release|Any CPU
		{B0B780D7-64CD-41E5-9690-270B82A16E0A}.AppStore|ARM.ActiveCfg = Release|ARM
		{B0B780D7-64CD-41E5-9690-270B82A16E0A}.AppStore|ARM.Build.0 = Release|ARM
		{B0B780D7-64CD-41E5-9690-270B82A16E0A}.AppStore|ARM.Deploy.0 = Release|ARM
		{B0B780D7-64CD-41E5-9690-270B82A16E0A}.AppStore|iPhone.ActiveCfg = Release|Any CPU
		{B0B780D7-64CD-41E5-9690-270B82A16E0A}.AppStore|iPhoneSimulator.ActiveCfg = Release|Any CPU
		{B0B780D7-64CD-41E5-9690-270B82A16E0A}.AppStore|Mixed Platforms.ActiveCfg = Release|x86
		{B0B780D7-64CD-41E5-9690-270B82A16E0A}.AppStore|Mixed Platforms.Build.0 = Release|x86
		{B0B780D7-64CD-41E5-9690-270B82A16E0A}.AppStore|Mixed Platforms.Deploy.0 = Release|x86
		{B0B780D7-64CD-41E5-9690-270B82A16E0A}.AppStore|x86.ActiveCfg = Release|x86
		{B0B780D7-64CD-41E5-9690-270B82A16E0A}.AppStore|x86.Build.0 = Release|x86
		{B0B780D7-64CD-41E5-9690-270B82A16E0A}.AppStore|x86.Deploy.0 = Release|x86
		{B0B780D7-64CD-41E5-9690-270B82A16E0A}.Debug|Any CPU.ActiveCfg = Debug|Any CPU
		{B0B780D7-64CD-41E5-9690-270B82A16E0A}.Debug|Any CPU.Build.0 = Debug|Any CPU
		{B0B780D7-64CD-41E5-9690-270B82A16E0A}.Debug|Any CPU.Deploy.0 = Debug|Any CPU
		{B0B780D7-64CD-41E5-9690-270B82A16E0A}.Debug|ARM.ActiveCfg = Debug|ARM
		{B0B780D7-64CD-41E5-9690-270B82A16E0A}.Debug|ARM.Build.0 = Debug|ARM
		{B0B780D7-64CD-41E5-9690-270B82A16E0A}.Debug|ARM.Deploy.0 = Debug|ARM
		{B0B780D7-64CD-41E5-9690-270B82A16E0A}.Debug|iPhone.ActiveCfg = Debug|Any CPU
		{B0B780D7-64CD-41E5-9690-270B82A16E0A}.Debug|iPhoneSimulator.ActiveCfg = Debug|Any CPU
		{B0B780D7-64CD-41E5-9690-270B82A16E0A}.Debug|Mixed Platforms.ActiveCfg = Debug|Any CPU
		{B0B780D7-64CD-41E5-9690-270B82A16E0A}.Debug|Mixed Platforms.Build.0 = Debug|Any CPU
		{B0B780D7-64CD-41E5-9690-270B82A16E0A}.Debug|Mixed Platforms.Deploy.0 = Debug|Any CPU
		{B0B780D7-64CD-41E5-9690-270B82A16E0A}.Debug|x86.ActiveCfg = Debug|x86
		{B0B780D7-64CD-41E5-9690-270B82A16E0A}.Debug|x86.Build.0 = Debug|x86
		{B0B780D7-64CD-41E5-9690-270B82A16E0A}.Debug|x86.Deploy.0 = Debug|x86
		{B0B780D7-64CD-41E5-9690-270B82A16E0A}.Release|Any CPU.ActiveCfg = Release|Any CPU
		{B0B780D7-64CD-41E5-9690-270B82A16E0A}.Release|Any CPU.Build.0 = Release|Any CPU
		{B0B780D7-64CD-41E5-9690-270B82A16E0A}.Release|Any CPU.Deploy.0 = Release|Any CPU
		{B0B780D7-64CD-41E5-9690-270B82A16E0A}.Release|ARM.ActiveCfg = Release|ARM
		{B0B780D7-64CD-41E5-9690-270B82A16E0A}.Release|ARM.Build.0 = Release|ARM
		{B0B780D7-64CD-41E5-9690-270B82A16E0A}.Release|ARM.Deploy.0 = Release|ARM
		{B0B780D7-64CD-41E5-9690-270B82A16E0A}.Release|iPhone.ActiveCfg = Release|Any CPU
		{B0B780D7-64CD-41E5-9690-270B82A16E0A}.Release|iPhoneSimulator.ActiveCfg = Release|Any CPU
		{B0B780D7-64CD-41E5-9690-270B82A16E0A}.Release|Mixed Platforms.ActiveCfg = Release|x86
		{B0B780D7-64CD-41E5-9690-270B82A16E0A}.Release|Mixed Platforms.Build.0 = Release|x86
		{B0B780D7-64CD-41E5-9690-270B82A16E0A}.Release|Mixed Platforms.Deploy.0 = Release|x86
		{B0B780D7-64CD-41E5-9690-270B82A16E0A}.Release|x86.ActiveCfg = Release|x86
		{B0B780D7-64CD-41E5-9690-270B82A16E0A}.Release|x86.Build.0 = Release|x86
		{B0B780D7-64CD-41E5-9690-270B82A16E0A}.Release|x86.Deploy.0 = Release|x86
	EndGlobalSection
	GlobalSection(SolutionProperties) = preSolution
		HideSolutionNode = FALSE
	EndGlobalSection
	GlobalSection(MonoDevelopProperties) = preSolution
		StartupItem = HowToBBQSample\HowToBBQSample.Android\HowToBBQSample.Android.csproj
	EndGlobalSection
EndGlobal
